
Microsoft Visual Studio Solution File, Format Version 12.00
# Visual Studio 15
Project("{FAE04EC0-301F-11D3-BF4B-00C04F79EFBC}") = "UnityEngine.UI", "UnityEngine.UI.csproj", "{803D0EE8-5123-CEAB-19E9-54DD77920D12}"
EndProject
Project("{FAE04EC0-301F-11D3-BF4B-00C04F79EFBC}") = "Assembly-CSharp", "Assembly-CSharp.csproj", "{715435B6-A9D5-F2C1-E922-E01C96B8DDB9}"
EndProject
Project("{FAE04EC0-301F-11D3-BF4B-00C04F79EFBC}") = "UnityEditor.UI", "UnityEditor.UI.csproj", "{00E42036-DB9A-81A8-1263-77ABBD1FC4F9}"
EndProject
Project("{FAE04EC0-301F-11D3-BF4B-00C04F79EFBC}") = "Assembly-CSharp-Editor", "Assembly-CSharp-Editor.csproj", "{9DFC81E7-EFAD-A4C4-9FCB-081F0F091AD4}"
EndProject
Global
	GlobalSection(SolutionConfigurationPlatforms) = preSolution
		Debug|Any CPU = Debug|Any CPU
		Release|Any CPU = Release|Any CPU
	EndGlobalSection
	GlobalSection(ProjectConfigurationPlatforms) = postSolution
		{803D0EE8-5123-CEAB-19E9-54DD77920D12}.Debug|Any CPU.ActiveCfg = Debug|Any CPU
		{803D0EE8-5123-CEAB-19E9-54DD77920D12}.Debug|Any CPU.Build.0 = Debug|Any CPU
		{803D0EE8-5123-CEAB-19E9-54DD77920D12}.Release|Any CPU.ActiveCfg = Release|Any CPU
		{803D0EE8-5123-CEAB-19E9-54DD77920D12}.Release|Any CPU.Build.0 = Release|Any CPU
		{715435B6-A9D5-F2C1-E922-E01C96B8DDB9}.Debug|Any CPU.ActiveCfg = Debug|Any CPU
		{715435B6-A9D5-F2C1-E922-E01C96B8DDB9}.Debug|Any CPU.Build.0 = Debug|Any CPU
		{715435B6-A9D5-F2C1-E922-E01C96B8DDB9}.Release|Any CPU.ActiveCfg = Release|Any CPU
		{715435B6-A9D5-F2C1-E922-E01C96B8DDB9}.Release|Any CPU.Build.0 = Release|Any CPU
		{00E42036-DB9A-81A8-1263-77ABBD1FC4F9}.Debug|Any CPU.ActiveCfg = Debug|Any CPU
		{00E42036-DB9A-81A8-1263-77ABBD1FC4F9}.Debug|Any CPU.Build.0 = Debug|Any CPU
		{00E42036-DB9A-81A8-1263-77ABBD1FC4F9}.Release|Any CPU.ActiveCfg = Release|Any CPU
		{00E42036-DB9A-81A8-1263-77ABBD1FC4F9}.Release|Any CPU.Build.0 = Release|Any CPU
		{9DFC81E7-EFAD-A4C4-9FCB-081F0F091AD4}.Debug|Any CPU.ActiveCfg = Debug|Any CPU
		{9DFC81E7-EFAD-A4C4-9FCB-081F0F091AD4}.Debug|Any CPU.Build.0 = Debug|Any CPU
		{9DFC81E7-EFAD-A4C4-9FCB-081F0F091AD4}.Release|Any CPU.ActiveCfg = Release|Any CPU
		{9DFC81E7-EFAD-A4C4-9FCB-081F0F091AD4}.Release|Any CPU.Build.0 = Release|Any CPU
	EndGlobalSection
	GlobalSection(SolutionProperties) = preSolution
		HideSolutionNode = FALSE
	EndGlobalSection
EndGlobal
