
Microsoft Visual Studio Solution File, Format Version 11.00
# Visual Studio 2010
Project("{FAE04EC0-301F-11D3-BF4B-00C04F79EFBC}") = "UnityEngine.UI", "UnityEngine.UI.csproj", "{e80e3d80-2351-abce-19e9-54dd77920d12}"
EndProject
Project("{FAE04EC0-301F-11D3-BF4B-00C04F79EFBC}") = "Assembly-CSharp", "Assembly-CSharp.csproj", "{b6355471-d5a9-c1f2-e922-e01c96b8ddb9}"
EndProject
Project("{FAE04EC0-301F-11D3-BF4B-00C04F79EFBC}") = "UnityEditor.UI", "UnityEditor.UI.csproj", "{3620e400-9adb-a881-1263-77abbd1fc4f9}"
EndProject
Project("{FAE04EC0-301F-11D3-BF4B-00C04F79EFBC}") = "Assembly-CSharp-Editor", "Assembly-CSharp-Editor.csproj", "{e781fc9d-adef-c4a4-9fcb-081f0f091ad4}"
EndProject
Global
	GlobalSection(SolutionConfigurationPlatforms) = preSolution
		Debug|Any CPU = Debug|Any CPU
	EndGlobalSection
	GlobalSection(ProjectConfigurationPlatforms) = postSolution
		{e80e3d80-2351-abce-19e9-54dd77920d12}.Debug|Any CPU.ActiveCfg = Debug|Any CPU
		{e80e3d80-2351-abce-19e9-54dd77920d12}.Debug|Any CPU.Build.0 = Debug|Any CPU
		{b6355471-d5a9-c1f2-e922-e01c96b8ddb9}.Debug|Any CPU.ActiveCfg = Debug|Any CPU
		{b6355471-d5a9-c1f2-e922-e01c96b8ddb9}.Debug|Any CPU.Build.0 = Debug|Any CPU
		{3620e400-9adb-a881-1263-77abbd1fc4f9}.Debug|Any CPU.ActiveCfg = Debug|Any CPU
		{3620e400-9adb-a881-1263-77abbd1fc4f9}.Debug|Any CPU.Build.0 = Debug|Any CPU
		{e781fc9d-adef-c4a4-9fcb-081f0f091ad4}.Debug|Any CPU.ActiveCfg = Debug|Any CPU
		{e781fc9d-adef-c4a4-9fcb-081f0f091ad4}.Debug|Any CPU.Build.0 = Debug|Any CPU
	EndGlobalSection
	GlobalSection(SolutionProperties) = preSolution
		HideSolutionNode = FALSE
	EndGlobalSection
EndGlobal
