
Microsoft Visual Studio Solution File, Format Version 12.00
# Visual Studio 15
Project("{FAE04EC0-301F-11D3-BF4B-00C04F79EFBC}") = "UnityEngine.UI", "UnityEngine.UI.csproj", "{CCB7A148-79FB-5DD3-030F-1DD28035BC2A}"
EndProject
Project("{FAE04EC0-301F-11D3-BF4B-00C04F79EFBC}") = "Assembly-CSharp", "Assembly-CSharp.csproj", "{51F3E60E-E501-6F63-7625-6E33A7E53372}"
EndProject
Project("{FAE04EC0-301F-11D3-BF4B-00C04F79EFBC}") = "UnityEditor.UI", "UnityEditor.UI.csproj", "{9BA98D8C-D11A-342D-3A86-63CBE3EDBFCB}"
EndProject
Project("{FAE04EC0-301F-11D3-BF4B-00C04F79EFBC}") = "Assembly-CSharp-Editor", "Assembly-CSharp-Editor.csproj", "{4D91C505-A47D-E39B-3F22-ECA5D0CD7C74}"
EndProject
Global
	GlobalSection(SolutionConfigurationPlatforms) = preSolution
		Debug|Any CPU = Debug|Any CPU
		Release|Any CPU = Release|Any CPU
	EndGlobalSection
	GlobalSection(ProjectConfigurationPlatforms) = postSolution
		{CCB7A148-79FB-5DD3-030F-1DD28035BC2A}.Debug|Any CPU.ActiveCfg = Debug|Any CPU
		{CCB7A148-79FB-5DD3-030F-1DD28035BC2A}.Debug|Any CPU.Build.0 = Debug|Any CPU
		{CCB7A148-79FB-5DD3-030F-1DD28035BC2A}.Release|Any CPU.ActiveCfg = Release|Any CPU
		{CCB7A148-79FB-5DD3-030F-1DD28035BC2A}.Release|Any CPU.Build.0 = Release|Any CPU
		{51F3E60E-E501-6F63-7625-6E33A7E53372}.Debug|Any CPU.ActiveCfg = Debug|Any CPU
		{51F3E60E-E501-6F63-7625-6E33A7E53372}.Debug|Any CPU.Build.0 = Debug|Any CPU
		{51F3E60E-E501-6F63-7625-6E33A7E53372}.Release|Any CPU.ActiveCfg = Release|Any CPU
		{51F3E60E-E501-6F63-7625-6E33A7E53372}.Release|Any CPU.Build.0 = Release|Any CPU
		{9BA98D8C-D11A-342D-3A86-63CBE3EDBFCB}.Debug|Any CPU.ActiveCfg = Debug|Any CPU
		{9BA98D8C-D11A-342D-3A86-63CBE3EDBFCB}.Debug|Any CPU.Build.0 = Debug|Any CPU
		{9BA98D8C-D11A-342D-3A86-63CBE3EDBFCB}.Release|Any CPU.ActiveCfg = Release|Any CPU
		{9BA98D8C-D11A-342D-3A86-63CBE3EDBFCB}.Release|Any CPU.Build.0 = Release|Any CPU
		{4D91C505-A47D-E39B-3F22-ECA5D0CD7C74}.Debug|Any CPU.ActiveCfg = Debug|Any CPU
		{4D91C505-A47D-E39B-3F22-ECA5D0CD7C74}.Debug|Any CPU.Build.0 = Debug|Any CPU
		{4D91C505-A47D-E39B-3F22-ECA5D0CD7C74}.Release|Any CPU.ActiveCfg = Release|Any CPU
		{4D91C505-A47D-E39B-3F22-ECA5D0CD7C74}.Release|Any CPU.Build.0 = Release|Any CPU
	EndGlobalSection
	GlobalSection(SolutionProperties) = preSolution
		HideSolutionNode = FALSE
	EndGlobalSection
EndGlobal
